
Microsoft Visual Studio Solution File, Format Version 12.00
# Visual Studio Version 16
VisualStudioVersion = 16.0.30114.105
MinimumVisualStudioVersion = 10.0.40219.1
Project("{9A19103F-16F7-4668-BE54-9A1E7A4F7556}") = "Client", "Client\Client.csproj", "{5F667F78-10EC-4425-98FC-C84752F6AED7}"
EndProject
Project("{9A19103F-16F7-4668-BE54-9A1E7A4F7556}") = "Server", "Server\Server.csproj", "{E07758ED-7263-44F8-BD40-AFEA165A6C0D}"
EndProject
Global
	GlobalSection(SolutionConfigurationPlatforms) = preSolution
		Debug|Any CPU = Debug|Any CPU
		Debug|x64 = Debug|x64
		Debug|x86 = Debug|x86
		Release|Any CPU = Release|Any CPU
		Release|x64 = Release|x64
		Release|x86 = Release|x86
	EndGlobalSection
	GlobalSection(ProjectConfigurationPlatforms) = postSolution
		{5F667F78-10EC-4425-98FC-C84752F6AED7}.Debug|Any CPU.ActiveCfg = Debug|Any CPU
		{5F667F78-10EC-4425-98FC-C84752F6AED7}.Debug|Any CPU.Build.0 = Debug|Any CPU
		{5F667F78-10EC-4425-98FC-C84752F6AED7}.Debug|x64.ActiveCfg = Debug|Any CPU
		{5F667F78-10EC-4425-98FC-C84752F6AED7}.Debug|x64.Build.0 = Debug|Any CPU
		{5F667F78-10EC-4425-98FC-C84752F6AED7}.Debug|x86.ActiveCfg = Debug|Any CPU
		{5F667F78-10EC-4425-98FC-C84752F6AED7}.Debug|x86.Build.0 = Debug|Any CPU
		{5F667F78-10EC-4425-98FC-C84752F6AED7}.Release|Any CPU.ActiveCfg = Release|Any CPU
		{5F667F78-10EC-4425-98FC-C84752F6AED7}.Release|Any CPU.Build.0 = Release|Any CPU
		{5F667F78-10EC-4425-98FC-C84752F6AED7}.Release|x64.ActiveCfg = Release|Any CPU
		{5F667F78-10EC-4425-98FC-C84752F6AED7}.Release|x64.Build.0 = Release|Any CPU
		{5F667F78-10EC-4425-98FC-C84752F6AED7}.Release|x86.ActiveCfg = Release|Any CPU
		{5F667F78-10EC-4425-98FC-C84752F6AED7}.Release|x86.Build.0 = Release|Any CPU
		{E07758ED-7263-44F8-BD40-AFEA165A6C0D}.Debug|Any CPU.ActiveCfg = Debug|Any CPU
		{E07758ED-7263-44F8-BD40-AFEA165A6C0D}.Debug|Any CPU.Build.0 = Debug|Any CPU
		{E07758ED-7263-44F8-BD40-AFEA165A6C0D}.Debug|x64.ActiveCfg = Debug|Any CPU
		{E07758ED-7263-44F8-BD40-AFEA165A6C0D}.Debug|x64.Build.0 = Debug|Any CPU
		{E07758ED-7263-44F8-BD40-AFEA165A6C0D}.Debug|x86.ActiveCfg = Debug|Any CPU
		{E07758ED-7263-44F8-BD40-AFEA165A6C0D}.Debug|x86.Build.0 = Debug|Any CPU
		{E07758ED-7263-44F8-BD40-AFEA165A6C0D}.Release|Any CPU.ActiveCfg = Release|Any CPU
		{E07758ED-7263-44F8-BD40-AFEA165A6C0D}.Release|Any CPU.Build.0 = Release|Any CPU
		{E07758ED-7263-44F8-BD40-AFEA165A6C0D}.Release|x64.ActiveCfg = Release|Any CPU
		{E07758ED-7263-44F8-BD40-AFEA165A6C0D}.Release|x64.Build.0 = Release|Any CPU
		{E07758ED-7263-44F8-BD40-AFEA165A6C0D}.Release|x86.ActiveCfg = Release|Any CPU
		{E07758ED-7263-44F8-BD40-AFEA165A6C0D}.Release|x86.Build.0 = Release|Any CPU
	EndGlobalSection
	GlobalSection(SolutionProperties) = preSolution
		HideSolutionNode = FALSE
	EndGlobalSection
	GlobalSection(ExtensibilityGlobals) = postSolution
		SolutionGuid = {74E341D6-8C70-46D7-AFD0-1D6408255284}
	EndGlobalSection
EndGlobal
